
Microsoft Visual Studio Solution File, Format Version 12.00
# Visual Studio 14
VisualStudioVersion = 14.0.25420.1
MinimumVisualStudioVersion = 10.0.40219.1
Project("{FAE04EC0-301F-11D3-BF4B-00C04F79EFBC}") = "WebUi", "WebUi\WebUi.csproj", "{82100508-1250-401E-903E-FAFD295F4C23}"
EndProject
Project("{2150E333-8FDC-42A3-9474-1A3956D46DE8}") = "Students", "Students", "{C8ACBFE7-32DE-4100-AF0A-F99C44FCA4E9}"
EndProject
Project("{FAE04EC0-301F-11D3-BF4B-00C04F79EFBC}") = "StudentsRemoting", "Remoting\StudentsRemoting.csproj", "{58AE2D79-C3F0-4F09-BDDD-D9FE04FEB9A0}"
EndProject
Project("{FAE04EC0-301F-11D3-BF4B-00C04F79EFBC}") = "StudentsFactory", "Factory\StudentsFactory.csproj", "{AE8FC02E-4187-4F8A-A6E2-A66A22312A5E}"
EndProject
Project("{FAE04EC0-301F-11D3-BF4B-00C04F79EFBC}") = "RegistrationApplication", "Registration\RegistrationApplication.csproj", "{0AD95168-34D0-4CE8-9B4D-11195F4F12CD}"
EndProject
Project("{FAE04EC0-301F-11D3-BF4B-00C04F79EFBC}") = "StudentsDataBase", "StudentsDataBase\StudentsDataBase.csproj", "{80D6F17E-93AE-4177-9F0F-6524A2983539}"
EndProject
Project("{2150E333-8FDC-42A3-9474-1A3956D46DE8}") = "SemFees", "SemFees", "{2F21F1F7-1516-4343-889B-9F1EC3017D2E}"
EndProject
Project("{FAE04EC0-301F-11D3-BF4B-00C04F79EFBC}") = "FeesRemoting", "FeesRemoting\FeesRemoting.csproj", "{87804056-775C-4B14-B7E4-CCC0C6C0379D}"
EndProject
Project("{FAE04EC0-301F-11D3-BF4B-00C04F79EFBC}") = "FeesFactory", "FeesFactory\FeesFactory.csproj", "{4B8C9042-E1EA-42C0-BC7F-42316328D9B1}"
EndProject
Project("{FAE04EC0-301F-11D3-BF4B-00C04F79EFBC}") = "FeesDataBase", "FeesDataBase\FeesDataBase.csproj", "{235C28D0-8255-4883-A261-2CE937BD7952}"
EndProject
Project("{FAE04EC0-301F-11D3-BF4B-00C04F79EFBC}") = "FeesApplication", "FeesApplication\FeesApplication.csproj", "{19643108-2794-45FD-8FC9-DCD2EF00B09C}"
EndProject
Project("{2150E333-8FDC-42A3-9474-1A3956D46DE8}") = "Marks", "Marks", "{877EED10-8A89-448B-A0AF-6F3B6563FDC8}"
EndProject
Project("{FAE04EC0-301F-11D3-BF4B-00C04F79EFBC}") = "MarksFactory", "MarksFactory\MarksFactory.csproj", "{0A331F3D-3928-4E37-9E20-8858A9B152C5}"
EndProject
Project("{FAE04EC0-301F-11D3-BF4B-00C04F79EFBC}") = "MarksDataBase", "MarksDataBase\MarksDataBase.csproj", "{9E1B5B75-B115-4304-A8F6-E339F17C101B}"
EndProject
Project("{FAE04EC0-301F-11D3-BF4B-00C04F79EFBC}") = "MarksRemoting", "MarksRemoting\MarksRemoting.csproj", "{653691D2-2271-440F-A7C3-4199B9B7F56E}"
EndProject
Project("{FAE04EC0-301F-11D3-BF4B-00C04F79EFBC}") = "MarksApplication", "MarksApplication\MarksApplication.csproj", "{827B0CD7-27F5-4E1E-84F2-8FB2E3FB2F13}"
EndProject
Global
	GlobalSection(SolutionConfigurationPlatforms) = preSolution
		Debug|Any CPU = Debug|Any CPU
		Release|Any CPU = Release|Any CPU
	EndGlobalSection
	GlobalSection(ProjectConfigurationPlatforms) = postSolution
		{82100508-1250-401E-903E-FAFD295F4C23}.Debug|Any CPU.ActiveCfg = Debug|Any CPU
		{82100508-1250-401E-903E-FAFD295F4C23}.Debug|Any CPU.Build.0 = Debug|Any CPU
		{82100508-1250-401E-903E-FAFD295F4C23}.Release|Any CPU.ActiveCfg = Release|Any CPU
		{82100508-1250-401E-903E-FAFD295F4C23}.Release|Any CPU.Build.0 = Release|Any CPU
		{58AE2D79-C3F0-4F09-BDDD-D9FE04FEB9A0}.Debug|Any CPU.ActiveCfg = Debug|Any CPU
		{58AE2D79-C3F0-4F09-BDDD-D9FE04FEB9A0}.Debug|Any CPU.Build.0 = Debug|Any CPU
		{58AE2D79-C3F0-4F09-BDDD-D9FE04FEB9A0}.Release|Any CPU.ActiveCfg = Release|Any CPU
		{58AE2D79-C3F0-4F09-BDDD-D9FE04FEB9A0}.Release|Any CPU.Build.0 = Release|Any CPU
		{AE8FC02E-4187-4F8A-A6E2-A66A22312A5E}.Debug|Any CPU.ActiveCfg = Debug|Any CPU
		{AE8FC02E-4187-4F8A-A6E2-A66A22312A5E}.Debug|Any CPU.Build.0 = Debug|Any CPU
		{AE8FC02E-4187-4F8A-A6E2-A66A22312A5E}.Release|Any CPU.ActiveCfg = Release|Any CPU
		{AE8FC02E-4187-4F8A-A6E2-A66A22312A5E}.Release|Any CPU.Build.0 = Release|Any CPU
		{0AD95168-34D0-4CE8-9B4D-11195F4F12CD}.Debug|Any CPU.ActiveCfg = Debug|Any CPU
		{0AD95168-34D0-4CE8-9B4D-11195F4F12CD}.Debug|Any CPU.Build.0 = Debug|Any CPU
		{0AD95168-34D0-4CE8-9B4D-11195F4F12CD}.Release|Any CPU.ActiveCfg = Release|Any CPU
		{0AD95168-34D0-4CE8-9B4D-11195F4F12CD}.Release|Any CPU.Build.0 = Release|Any CPU
		{80D6F17E-93AE-4177-9F0F-6524A2983539}.Debug|Any CPU.ActiveCfg = Debug|Any CPU
		{80D6F17E-93AE-4177-9F0F-6524A2983539}.Debug|Any CPU.Build.0 = Debug|Any CPU
		{80D6F17E-93AE-4177-9F0F-6524A2983539}.Release|Any CPU.ActiveCfg = Release|Any CPU
		{80D6F17E-93AE-4177-9F0F-6524A2983539}.Release|Any CPU.Build.0 = Release|Any CPU
		{87804056-775C-4B14-B7E4-CCC0C6C0379D}.Debug|Any CPU.ActiveCfg = Debug|Any CPU
		{87804056-775C-4B14-B7E4-CCC0C6C0379D}.Debug|Any CPU.Build.0 = Debug|Any CPU
		{87804056-775C-4B14-B7E4-CCC0C6C0379D}.Release|Any CPU.ActiveCfg = Release|Any CPU
		{87804056-775C-4B14-B7E4-CCC0C6C0379D}.Release|Any CPU.Build.0 = Release|Any CPU
		{4B8C9042-E1EA-42C0-BC7F-42316328D9B1}.Debug|Any CPU.ActiveCfg = Debug|Any CPU
		{4B8C9042-E1EA-42C0-BC7F-42316328D9B1}.Debug|Any CPU.Build.0 = Debug|Any CPU
		{4B8C9042-E1EA-42C0-BC7F-42316328D9B1}.Release|Any CPU.ActiveCfg = Release|Any CPU
		{4B8C9042-E1EA-42C0-BC7F-42316328D9B1}.Release|Any CPU.Build.0 = Release|Any CPU
		{235C28D0-8255-4883-A261-2CE937BD7952}.Debug|Any CPU.ActiveCfg = Debug|Any CPU
		{235C28D0-8255-4883-A261-2CE937BD7952}.Debug|Any CPU.Build.0 = Debug|Any CPU
		{235C28D0-8255-4883-A261-2CE937BD7952}.Release|Any CPU.ActiveCfg = Release|Any CPU
		{235C28D0-8255-4883-A261-2CE937BD7952}.Release|Any CPU.Build.0 = Release|Any CPU
		{19643108-2794-45FD-8FC9-DCD2EF00B09C}.Debug|Any CPU.ActiveCfg = Debug|Any CPU
		{19643108-2794-45FD-8FC9-DCD2EF00B09C}.Debug|Any CPU.Build.0 = Debug|Any CPU
		{19643108-2794-45FD-8FC9-DCD2EF00B09C}.Release|Any CPU.ActiveCfg = Release|Any CPU
		{19643108-2794-45FD-8FC9-DCD2EF00B09C}.Release|Any CPU.Build.0 = Release|Any CPU
		{0A331F3D-3928-4E37-9E20-8858A9B152C5}.Debug|Any CPU.ActiveCfg = Debug|Any CPU
		{0A331F3D-3928-4E37-9E20-8858A9B152C5}.Debug|Any CPU.Build.0 = Debug|Any CPU
		{0A331F3D-3928-4E37-9E20-8858A9B152C5}.Release|Any CPU.ActiveCfg = Release|Any CPU
		{0A331F3D-3928-4E37-9E20-8858A9B152C5}.Release|Any CPU.Build.0 = Release|Any CPU
		{9E1B5B75-B115-4304-A8F6-E339F17C101B}.Debug|Any CPU.ActiveCfg = Debug|Any CPU
		{9E1B5B75-B115-4304-A8F6-E339F17C101B}.Debug|Any CPU.Build.0 = Debug|Any CPU
		{9E1B5B75-B115-4304-A8F6-E339F17C101B}.Release|Any CPU.ActiveCfg = Release|Any CPU
		{9E1B5B75-B115-4304-A8F6-E339F17C101B}.Release|Any CPU.Build.0 = Release|Any CPU
		{653691D2-2271-440F-A7C3-4199B9B7F56E}.Debug|Any CPU.ActiveCfg = Debug|Any CPU
		{653691D2-2271-440F-A7C3-4199B9B7F56E}.Debug|Any CPU.Build.0 = Debug|Any CPU
		{653691D2-2271-440F-A7C3-4199B9B7F56E}.Release|Any CPU.ActiveCfg = Release|Any CPU
		{653691D2-2271-440F-A7C3-4199B9B7F56E}.Release|Any CPU.Build.0 = Release|Any CPU
		{827B0CD7-27F5-4E1E-84F2-8FB2E3FB2F13}.Debug|Any CPU.ActiveCfg = Debug|Any CPU
		{827B0CD7-27F5-4E1E-84F2-8FB2E3FB2F13}.Debug|Any CPU.Build.0 = Debug|Any CPU
		{827B0CD7-27F5-4E1E-84F2-8FB2E3FB2F13}.Release|Any CPU.ActiveCfg = Release|Any CPU
		{827B0CD7-27F5-4E1E-84F2-8FB2E3FB2F13}.Release|Any CPU.Build.0 = Release|Any CPU
	EndGlobalSection
	GlobalSection(SolutionProperties) = preSolution
		HideSolutionNode = FALSE
	EndGlobalSection
	GlobalSection(NestedProjects) = preSolution
		{58AE2D79-C3F0-4F09-BDDD-D9FE04FEB9A0} = {C8ACBFE7-32DE-4100-AF0A-F99C44FCA4E9}
		{AE8FC02E-4187-4F8A-A6E2-A66A22312A5E} = {C8ACBFE7-32DE-4100-AF0A-F99C44FCA4E9}
		{0AD95168-34D0-4CE8-9B4D-11195F4F12CD} = {C8ACBFE7-32DE-4100-AF0A-F99C44FCA4E9}
		{80D6F17E-93AE-4177-9F0F-6524A2983539} = {C8ACBFE7-32DE-4100-AF0A-F99C44FCA4E9}
		{87804056-775C-4B14-B7E4-CCC0C6C0379D} = {2F21F1F7-1516-4343-889B-9F1EC3017D2E}
		{4B8C9042-E1EA-42C0-BC7F-42316328D9B1} = {2F21F1F7-1516-4343-889B-9F1EC3017D2E}
		{235C28D0-8255-4883-A261-2CE937BD7952} = {2F21F1F7-1516-4343-889B-9F1EC3017D2E}
		{19643108-2794-45FD-8FC9-DCD2EF00B09C} = {2F21F1F7-1516-4343-889B-9F1EC3017D2E}
		{0A331F3D-3928-4E37-9E20-8858A9B152C5} = {877EED10-8A89-448B-A0AF-6F3B6563FDC8}
		{9E1B5B75-B115-4304-A8F6-E339F17C101B} = {877EED10-8A89-448B-A0AF-6F3B6563FDC8}
		{653691D2-2271-440F-A7C3-4199B9B7F56E} = {877EED10-8A89-448B-A0AF-6F3B6563FDC8}
		{827B0CD7-27F5-4E1E-84F2-8FB2E3FB2F13} = {877EED10-8A89-448B-A0AF-6F3B6563FDC8}
	EndGlobalSection
EndGlobal
